// !$*UTF8*$!
{
	archiveVersion = 1;
	classes = {
	};
	objectVersion = 56;
	objects = {

/* Begin PBXBuildFile section */
		0500E94A2A482D7700A3F338 /* ToDoItemView.swift in Sources */ = {isa = PBXBuildFile; fileRef = 0500E9492A482D7700A3F338 /* ToDoItemView.swift */; };
		050EE3BD2ABCA1B6004E206F /* KakaoLocalKeyword.swift in Sources */ = {isa = PBXBuildFile; fileRef = 050EE3BC2ABCA1B6004E206F /* KakaoLocalKeyword.swift */; };
		050EE3BF2ABCE1BA004E206F /* KakaoAPIResult.swift in Sources */ = {isa = PBXBuildFile; fileRef = 050EE3BE2ABCE1BA004E206F /* KakaoAPIResult.swift */; };
		050EE3C12ABCE1E8004E206F /* LocationInformation.swift in Sources */ = {isa = PBXBuildFile; fileRef = 050EE3C02ABCE1E8004E206F /* LocationInformation.swift */; };
		050FCC1D2A1C91E100270F97 /* NaOngApp.swift in Sources */ = {isa = PBXBuildFile; fileRef = 050FCC1C2A1C91E100270F97 /* NaOngApp.swift */; };
		050FCC1F2A1C91E100270F97 /* ContentView.swift in Sources */ = {isa = PBXBuildFile; fileRef = 050FCC1E2A1C91E100270F97 /* ContentView.swift */; };
		050FCC212A1C91E200270F97 /* Assets.xcassets in Resources */ = {isa = PBXBuildFile; fileRef = 050FCC202A1C91E200270F97 /* Assets.xcassets */; };
		050FCC242A1C91E200270F97 /* Preview Assets.xcassets in Resources */ = {isa = PBXBuildFile; fileRef = 050FCC232A1C91E200270F97 /* Preview Assets.xcassets */; };
		05173EA42A87728A00CDF988 /* NotificationListView.swift in Sources */ = {isa = PBXBuildFile; fileRef = 05173EA32A87728A00CDF988 /* NotificationListView.swift */; };
		05173EA62A8772B300CDF988 /* NotificationListViewModel.swift in Sources */ = {isa = PBXBuildFile; fileRef = 05173EA52A8772B300CDF988 /* NotificationListViewModel.swift */; };
		05173EA82A880E6C00CDF988 /* NotificationListItemView.swift in Sources */ = {isa = PBXBuildFile; fileRef = 05173EA72A880E6C00CDF988 /* NotificationListItemView.swift */; };
		051BFA1D2AB6E39E00BBC8C6 /* UIImage+Extensions.swift in Sources */ = {isa = PBXBuildFile; fileRef = 051BFA1C2AB6E39E00BBC8C6 /* UIImage+Extensions.swift */; };
		0534B41A2B13E11E0032B30A /* APIKey.plist in Resources */ = {isa = PBXBuildFile; fileRef = 0534B4192B13E11E0032B30A /* APIKey.plist */; };
		0534B41C2B13E28E0032B30A /* Bundle + Extensions.swift in Sources */ = {isa = PBXBuildFile; fileRef = 0534B41B2B13E28E0032B30A /* Bundle + Extensions.swift */; };
		0534B41E2B13EAE70032B30A /* OpenWeather.swift in Sources */ = {isa = PBXBuildFile; fileRef = 0534B41D2B13EAE70032B30A /* OpenWeather.swift */; };
		0534F99B2A8F9A2B00A90BF7 /* LocalNotificationManager.swift in Sources */ = {isa = PBXBuildFile; fileRef = 0534F99A2A8F9A2B00A90BF7 /* LocalNotificationManager.swift */; };
		0534F99D2A8F9AC000A90BF7 /* CustomNavigationBar.swift in Sources */ = {isa = PBXBuildFile; fileRef = 0534F99C2A8F9AC000A90BF7 /* CustomNavigationBar.swift */; };
		0534F9A72A8FBBC000A90BF7 /* SettingViewModel.swift in Sources */ = {isa = PBXBuildFile; fileRef = 0534F9A62A8FBBC000A90BF7 /* SettingViewModel.swift */; };
		05388A932A83798700C8A69A /* TimeToDoListViewModel.swift in Sources */ = {isa = PBXBuildFile; fileRef = 05388A922A83798700C8A69A /* TimeToDoListViewModel.swift */; };
		05477D082A7577BD00C16F4A /* View+Extensions.swift in Sources */ = {isa = PBXBuildFile; fileRef = 05477D072A7577BD00C16F4A /* View+Extensions.swift */; };
		05477D2D2A77ED7400C16F4A /* TimeToDoItemDetailView.swift in Sources */ = {isa = PBXBuildFile; fileRef = 05477D2C2A77ED7400C16F4A /* TimeToDoItemDetailView.swift */; };
		05477D2F2A77ED8000C16F4A /* ToDoItemDetailViewModel.swift in Sources */ = {isa = PBXBuildFile; fileRef = 05477D2E2A77ED8000C16F4A /* ToDoItemDetailViewModel.swift */; };
		05477D312A77F47500C16F4A /* ToDoViewFactory.swift in Sources */ = {isa = PBXBuildFile; fileRef = 05477D302A77F47500C16F4A /* ToDoViewFactory.swift */; };
		05477D352A7A85BF00C16F4A /* LocationSelectionView.swift in Sources */ = {isa = PBXBuildFile; fileRef = 05477D342A7A85BF00C16F4A /* LocationSelectionView.swift */; };
		05477D382A7C16A100C16F4A /* LocationModel.xcdatamodeld in Sources */ = {isa = PBXBuildFile; fileRef = 05477D362A7C16A100C16F4A /* LocationModel.xcdatamodeld */; };
		05477D3A2A7C172600C16F4A /* LocationCoreDataManager.swift in Sources */ = {isa = PBXBuildFile; fileRef = 05477D392A7C172600C16F4A /* LocationCoreDataManager.swift */; };
		05477D3C2A7C177000C16F4A /* LocationSelectionViewModel.swift in Sources */ = {isa = PBXBuildFile; fileRef = 05477D3B2A7C177000C16F4A /* LocationSelectionViewModel.swift */; };
		05477D3F2A7C1B7900C16F4A /* CoreDataError.swift in Sources */ = {isa = PBXBuildFile; fileRef = 05477D3E2A7C1B7800C16F4A /* CoreDataError.swift */; };
		05477D412A7C220D00C16F4A /* Location+Extensions.swift in Sources */ = {isa = PBXBuildFile; fileRef = 05477D402A7C220D00C16F4A /* Location+Extensions.swift */; };
		05477D442A7C228100C16F4A /* CoreDataBaseProtocol.swift in Sources */ = {isa = PBXBuildFile; fileRef = 05477D432A7C228100C16F4A /* CoreDataBaseProtocol.swift */; };
		05477D462A7C3A7F00C16F4A /* LocationSearchView.swift in Sources */ = {isa = PBXBuildFile; fileRef = 05477D452A7C3A7F00C16F4A /* LocationSearchView.swift */; };
		05477D482A7C3B4100C16F4A /* LocationCheckView.swift in Sources */ = {isa = PBXBuildFile; fileRef = 05477D472A7C3B4100C16F4A /* LocationCheckView.swift */; };
		05477D4F2A8222AB00C16F4A /* TimeToDoListView.swift in Sources */ = {isa = PBXBuildFile; fileRef = 05477D4E2A8222AB00C16F4A /* TimeToDoListView.swift */; };
		055E58EB2A973600005B91DC /* NetworkManager.swift in Sources */ = {isa = PBXBuildFile; fileRef = 055E58EA2A973600005B91DC /* NetworkManager.swift */; };
		055E58ED2A973702005B91DC /* NetworkError.swift in Sources */ = {isa = PBXBuildFile; fileRef = 055E58EC2A973702005B91DC /* NetworkError.swift */; };
		055E58EF2A9738D1005B91DC /* URLRequestBuilder.swift in Sources */ = {isa = PBXBuildFile; fileRef = 055E58EE2A9738D1005B91DC /* URLRequestBuilder.swift */; };
		055E58F12A97A8D5005B91DC /* LocationSearchViewModel.swift in Sources */ = {isa = PBXBuildFile; fileRef = 055E58F02A97A8D5005B91DC /* LocationSearchViewModel.swift */; };
		056B2B502A5FC8AC00D52CFF /* ToDoModel.xcdatamodeld in Sources */ = {isa = PBXBuildFile; fileRef = 056B2B4E2A5FC8AC00D52CFF /* ToDoModel.xcdatamodeld */; };
		056B2B522A5FC9D600D52CFF /* ToDoCoreDataManager.swift in Sources */ = {isa = PBXBuildFile; fileRef = 056B2B512A5FC9D600D52CFF /* ToDoCoreDataManager.swift */; };
		056B2B732A640F9F00D52CFF /* ToDoItemViewModel.swift in Sources */ = {isa = PBXBuildFile; fileRef = 056B2B722A640F9F00D52CFF /* ToDoItemViewModel.swift */; };
		056B2B762A64158000D52CFF /* ToDo+Extensions.swift in Sources */ = {isa = PBXBuildFile; fileRef = 056B2B752A64158000D52CFF /* ToDo+Extensions.swift */; };
		056EDC322B0E291D004090F6 /* LocationToDoItemDetailView.swift in Sources */ = {isa = PBXBuildFile; fileRef = 056EDC312B0E291D004090F6 /* LocationToDoItemDetailView.swift */; };
		056EDC392B0E397D004090F6 /* LocationToDoItemAddView.swift in Sources */ = {isa = PBXBuildFile; fileRef = 056EDC382B0E397D004090F6 /* LocationToDoItemAddView.swift */; };
		056EDC3F2B0E4DEF004090F6 /* WeatherView.swift in Sources */ = {isa = PBXBuildFile; fileRef = 056EDC3E2B0E4DEF004090F6 /* WeatherView.swift */; };
		056EDC412B0E7619004090F6 /* WeatherItemView.swift in Sources */ = {isa = PBXBuildFile; fileRef = 056EDC402B0E7619004090F6 /* WeatherItemView.swift */; };
		056EDC432B0E8C2D004090F6 /* WeatherViewModel.swift in Sources */ = {isa = PBXBuildFile; fileRef = 056EDC422B0E8C2D004090F6 /* WeatherViewModel.swift */; };
		056EDC452B0E96DA004090F6 /* WeatherProfileImageView.swift in Sources */ = {isa = PBXBuildFile; fileRef = 056EDC442B0E96DA004090F6 /* WeatherProfileImageView.swift */; };
		05733A8A2A51A42E00DF3B78 /* LocationToDoListView.swift in Sources */ = {isa = PBXBuildFile; fileRef = 05733A892A51A42E00DF3B78 /* LocationToDoListView.swift */; };
		0573C68F2B13A5270012D501 /* GeoDataService.swift in Sources */ = {isa = PBXBuildFile; fileRef = 0573C68E2B13A5270012D501 /* GeoDataService.swift */; };
		0573C6912B13AEFF0012D501 /* AirKorea.swift in Sources */ = {isa = PBXBuildFile; fileRef = 0573C6902B13AEFF0012D501 /* AirKorea.swift */; };
		057B50FA2AAB002B002260EC /* KakaoMapsSDK_SPM in Frameworks */ = {isa = PBXBuildFile; productRef = 057B50F92AAB002B002260EC /* KakaoMapsSDK_SPM */; };
		057B50FD2AAB0095002260EC /* KakaoMapView.swift in Sources */ = {isa = PBXBuildFile; fileRef = 057B50FC2AAB0095002260EC /* KakaoMapView.swift */; };
		0587438B2AC31A8800075905 /* Coordinates.swift in Sources */ = {isa = PBXBuildFile; fileRef = 0587438A2AC31A8800075905 /* Coordinates.swift */; };
		058A9E7D2A95E40D005A498A /* Bundle+Extensions.swift in Sources */ = {isa = PBXBuildFile; fileRef = 058A9E7C2A95E40D005A498A /* Bundle+Extensions.swift */; };
		058A9E7F2A95E70D005A498A /* MailView.swift in Sources */ = {isa = PBXBuildFile; fileRef = 058A9E7E2A95E70D005A498A /* MailView.swift */; };
		058A9E822A95FDF4005A498A /* DeviceKit in Frameworks */ = {isa = PBXBuildFile; productRef = 058A9E812A95FDF4005A498A /* DeviceKit */; };
		058B7CA62A558DEE005C07BD /* Binggrae.otf in Resources */ = {isa = PBXBuildFile; fileRef = 058B7CA42A558DEE005C07BD /* Binggrae.otf */; };
		058B7CA72A558DEE005C07BD /* Binggrae-Bold.otf in Resources */ = {isa = PBXBuildFile; fileRef = 058B7CA52A558DEE005C07BD /* Binggrae-Bold.otf */; };
		058B7CA92A55C495005C07BD /* TimeToDoItemAddView.swift in Sources */ = {isa = PBXBuildFile; fileRef = 058B7CA82A55C495005C07BD /* TimeToDoItemAddView.swift */; };
		0598717A2AB38C30009401D3 /* LocationCheckViewModel.swift in Sources */ = {isa = PBXBuildFile; fileRef = 059871792AB38C30009401D3 /* LocationCheckViewModel.swift */; };
		05CCE8B32A51A6BE0037FF74 /* LocationToDoListViewModel.swift in Sources */ = {isa = PBXBuildFile; fileRef = 05CCE8B22A51A6BE0037FF74 /* LocationToDoListViewModel.swift */; };
		05CD8E9A2A57631B00C1C187 /* ToDoItemAddViewModel.swift in Sources */ = {isa = PBXBuildFile; fileRef = 05CD8E992A57631B00C1C187 /* ToDoItemAddViewModel.swift */; };
		05D69E432A696AD30074C84A /* SettingView.swift in Sources */ = {isa = PBXBuildFile; fileRef = 05D69E422A696AD30074C84A /* SettingView.swift */; };
		05EEE1042A8551C7007AD5F7 /* UITextViewWrapper.swift in Sources */ = {isa = PBXBuildFile; fileRef = 05EEE1032A8551C7007AD5F7 /* UITextViewWrapper.swift */; };
		05EEE1082A8578CE007AD5F7 /* Date+Extensions.swift in Sources */ = {isa = PBXBuildFile; fileRef = 05EEE1072A8578CE007AD5F7 /* Date+Extensions.swift */; };
		05F233BB2A2AF3D10091D5B3 /* LocationService.swift in Sources */ = {isa = PBXBuildFile; fileRef = 05F233BA2A2AF3D10091D5B3 /* LocationService.swift */; };
		05FD378D2A9FA045006FDAEC /* KakaoLocal.swift in Sources */ = {isa = PBXBuildFile; fileRef = 05FD378C2A9FA045006FDAEC /* KakaoLocal.swift */; };
/* End PBXBuildFile section */

/* Begin PBXCopyFilesBuildPhase section */
		0526245D2A84CC9A00755A66 /* Embed Foundation Extensions */ = {
			isa = PBXCopyFilesBuildPhase;
			buildActionMask = 2147483647;
			dstPath = "";
			dstSubfolderSpec = 13;
			files = (
			);
			name = "Embed Foundation Extensions";
			runOnlyForDeploymentPostprocessing = 0;
		};
/* End PBXCopyFilesBuildPhase section */

/* Begin PBXFileReference section */
		0500E9492A482D7700A3F338 /* ToDoItemView.swift */ = {isa = PBXFileReference; lastKnownFileType = sourcecode.swift; path = ToDoItemView.swift; sourceTree = "<group>"; };
		050EE3BC2ABCA1B6004E206F /* KakaoLocalKeyword.swift */ = {isa = PBXFileReference; lastKnownFileType = sourcecode.swift; path = KakaoLocalKeyword.swift; sourceTree = "<group>"; };
		050EE3BE2ABCE1BA004E206F /* KakaoAPIResult.swift */ = {isa = PBXFileReference; lastKnownFileType = sourcecode.swift; path = KakaoAPIResult.swift; sourceTree = "<group>"; };
		050EE3C02ABCE1E8004E206F /* LocationInformation.swift */ = {isa = PBXFileReference; lastKnownFileType = sourcecode.swift; path = LocationInformation.swift; sourceTree = "<group>"; };
		050FCC192A1C91E100270F97 /* NaOng.app */ = {isa = PBXFileReference; explicitFileType = wrapper.application; includeInIndex = 0; path = NaOng.app; sourceTree = BUILT_PRODUCTS_DIR; };
		050FCC1C2A1C91E100270F97 /* NaOngApp.swift */ = {isa = PBXFileReference; lastKnownFileType = sourcecode.swift; path = NaOngApp.swift; sourceTree = "<group>"; };
		050FCC1E2A1C91E100270F97 /* ContentView.swift */ = {isa = PBXFileReference; lastKnownFileType = sourcecode.swift; path = ContentView.swift; sourceTree = "<group>"; };
		050FCC202A1C91E200270F97 /* Assets.xcassets */ = {isa = PBXFileReference; lastKnownFileType = folder.assetcatalog; path = Assets.xcassets; sourceTree = "<group>"; };
		050FCC232A1C91E200270F97 /* Preview Assets.xcassets */ = {isa = PBXFileReference; lastKnownFileType = folder.assetcatalog; path = "Preview Assets.xcassets"; sourceTree = "<group>"; };
		05173EA32A87728A00CDF988 /* NotificationListView.swift */ = {isa = PBXFileReference; lastKnownFileType = sourcecode.swift; path = NotificationListView.swift; sourceTree = "<group>"; };
		05173EA52A8772B300CDF988 /* NotificationListViewModel.swift */ = {isa = PBXFileReference; lastKnownFileType = sourcecode.swift; path = NotificationListViewModel.swift; sourceTree = "<group>"; };
		05173EA72A880E6C00CDF988 /* NotificationListItemView.swift */ = {isa = PBXFileReference; lastKnownFileType = sourcecode.swift; path = NotificationListItemView.swift; sourceTree = "<group>"; };
		051BFA1C2AB6E39E00BBC8C6 /* UIImage+Extensions.swift */ = {isa = PBXFileReference; lastKnownFileType = sourcecode.swift; path = "UIImage+Extensions.swift"; sourceTree = "<group>"; };
		0534B4192B13E11E0032B30A /* APIKey.plist */ = {isa = PBXFileReference; lastKnownFileType = text.plist.xml; path = APIKey.plist; sourceTree = "<group>"; };
		0534B41B2B13E28E0032B30A /* Bundle + Extensions.swift */ = {isa = PBXFileReference; lastKnownFileType = sourcecode.swift; path = "Bundle + Extensions.swift"; sourceTree = "<group>"; };
		0534B41D2B13EAE70032B30A /* OpenWeather.swift */ = {isa = PBXFileReference; lastKnownFileType = sourcecode.swift; path = OpenWeather.swift; sourceTree = "<group>"; };
		0534F99A2A8F9A2B00A90BF7 /* LocalNotificationManager.swift */ = {isa = PBXFileReference; fileEncoding = 4; lastKnownFileType = sourcecode.swift; path = LocalNotificationManager.swift; sourceTree = "<group>"; };
		0534F99C2A8F9AC000A90BF7 /* CustomNavigationBar.swift */ = {isa = PBXFileReference; fileEncoding = 4; lastKnownFileType = sourcecode.swift; path = CustomNavigationBar.swift; sourceTree = "<group>"; };
		0534F9A62A8FBBC000A90BF7 /* SettingViewModel.swift */ = {isa = PBXFileReference; lastKnownFileType = sourcecode.swift; path = SettingViewModel.swift; sourceTree = "<group>"; };
		05388A922A83798700C8A69A /* TimeToDoListViewModel.swift */ = {isa = PBXFileReference; lastKnownFileType = sourcecode.swift; path = TimeToDoListViewModel.swift; sourceTree = "<group>"; };
		05477D072A7577BD00C16F4A /* View+Extensions.swift */ = {isa = PBXFileReference; lastKnownFileType = sourcecode.swift; path = "View+Extensions.swift"; sourceTree = "<group>"; };
		05477D2C2A77ED7400C16F4A /* TimeToDoItemDetailView.swift */ = {isa = PBXFileReference; lastKnownFileType = sourcecode.swift; path = TimeToDoItemDetailView.swift; sourceTree = "<group>"; };
		05477D2E2A77ED8000C16F4A /* ToDoItemDetailViewModel.swift */ = {isa = PBXFileReference; lastKnownFileType = sourcecode.swift; path = ToDoItemDetailViewModel.swift; sourceTree = "<group>"; };
		05477D302A77F47500C16F4A /* ToDoViewFactory.swift */ = {isa = PBXFileReference; lastKnownFileType = sourcecode.swift; path = ToDoViewFactory.swift; sourceTree = "<group>"; };
		05477D342A7A85BF00C16F4A /* LocationSelectionView.swift */ = {isa = PBXFileReference; lastKnownFileType = sourcecode.swift; path = LocationSelectionView.swift; sourceTree = "<group>"; };
		05477D372A7C16A100C16F4A /* LocationModel.xcdatamodel */ = {isa = PBXFileReference; lastKnownFileType = wrapper.xcdatamodel; path = LocationModel.xcdatamodel; sourceTree = "<group>"; };
		05477D392A7C172600C16F4A /* LocationCoreDataManager.swift */ = {isa = PBXFileReference; lastKnownFileType = sourcecode.swift; path = LocationCoreDataManager.swift; sourceTree = "<group>"; };
		05477D3B2A7C177000C16F4A /* LocationSelectionViewModel.swift */ = {isa = PBXFileReference; lastKnownFileType = sourcecode.swift; path = LocationSelectionViewModel.swift; sourceTree = "<group>"; };
		05477D3E2A7C1B7800C16F4A /* CoreDataError.swift */ = {isa = PBXFileReference; lastKnownFileType = sourcecode.swift; path = CoreDataError.swift; sourceTree = "<group>"; };
		05477D402A7C220D00C16F4A /* Location+Extensions.swift */ = {isa = PBXFileReference; lastKnownFileType = sourcecode.swift; path = "Location+Extensions.swift"; sourceTree = "<group>"; };
		05477D432A7C228100C16F4A /* CoreDataBaseProtocol.swift */ = {isa = PBXFileReference; lastKnownFileType = sourcecode.swift; path = CoreDataBaseProtocol.swift; sourceTree = "<group>"; };
		05477D452A7C3A7F00C16F4A /* LocationSearchView.swift */ = {isa = PBXFileReference; lastKnownFileType = sourcecode.swift; path = LocationSearchView.swift; sourceTree = "<group>"; };
		05477D472A7C3B4100C16F4A /* LocationCheckView.swift */ = {isa = PBXFileReference; lastKnownFileType = sourcecode.swift; path = LocationCheckView.swift; sourceTree = "<group>"; };
		05477D4E2A8222AB00C16F4A /* TimeToDoListView.swift */ = {isa = PBXFileReference; lastKnownFileType = sourcecode.swift; path = TimeToDoListView.swift; sourceTree = "<group>"; };
		055E58EA2A973600005B91DC /* NetworkManager.swift */ = {isa = PBXFileReference; lastKnownFileType = sourcecode.swift; path = NetworkManager.swift; sourceTree = "<group>"; };
		055E58EC2A973702005B91DC /* NetworkError.swift */ = {isa = PBXFileReference; lastKnownFileType = sourcecode.swift; path = NetworkError.swift; sourceTree = "<group>"; };
		055E58EE2A9738D1005B91DC /* URLRequestBuilder.swift */ = {isa = PBXFileReference; lastKnownFileType = sourcecode.swift; path = URLRequestBuilder.swift; sourceTree = "<group>"; };
		055E58F02A97A8D5005B91DC /* LocationSearchViewModel.swift */ = {isa = PBXFileReference; lastKnownFileType = sourcecode.swift; path = LocationSearchViewModel.swift; sourceTree = "<group>"; };
		056B2B4F2A5FC8AC00D52CFF /* ToDoModel.xcdatamodel */ = {isa = PBXFileReference; lastKnownFileType = wrapper.xcdatamodel; path = ToDoModel.xcdatamodel; sourceTree = "<group>"; };
		056B2B512A5FC9D600D52CFF /* ToDoCoreDataManager.swift */ = {isa = PBXFileReference; lastKnownFileType = sourcecode.swift; path = ToDoCoreDataManager.swift; sourceTree = "<group>"; };
		056B2B722A640F9F00D52CFF /* ToDoItemViewModel.swift */ = {isa = PBXFileReference; lastKnownFileType = sourcecode.swift; path = ToDoItemViewModel.swift; sourceTree = "<group>"; };
		056B2B752A64158000D52CFF /* ToDo+Extensions.swift */ = {isa = PBXFileReference; lastKnownFileType = sourcecode.swift; path = "ToDo+Extensions.swift"; sourceTree = "<group>"; };
		056EDC312B0E291D004090F6 /* LocationToDoItemDetailView.swift */ = {isa = PBXFileReference; lastKnownFileType = sourcecode.swift; path = LocationToDoItemDetailView.swift; sourceTree = "<group>"; };
		056EDC382B0E397D004090F6 /* LocationToDoItemAddView.swift */ = {isa = PBXFileReference; lastKnownFileType = sourcecode.swift; path = LocationToDoItemAddView.swift; sourceTree = "<group>"; };
		056EDC3E2B0E4DEF004090F6 /* WeatherView.swift */ = {isa = PBXFileReference; lastKnownFileType = sourcecode.swift; path = WeatherView.swift; sourceTree = "<group>"; };
		056EDC402B0E7619004090F6 /* WeatherItemView.swift */ = {isa = PBXFileReference; lastKnownFileType = sourcecode.swift; path = WeatherItemView.swift; sourceTree = "<group>"; };
		056EDC422B0E8C2D004090F6 /* WeatherViewModel.swift */ = {isa = PBXFileReference; lastKnownFileType = sourcecode.swift; path = WeatherViewModel.swift; sourceTree = "<group>"; };
		056EDC442B0E96DA004090F6 /* WeatherProfileImageView.swift */ = {isa = PBXFileReference; lastKnownFileType = sourcecode.swift; path = WeatherProfileImageView.swift; sourceTree = "<group>"; };
		05733A892A51A42E00DF3B78 /* LocationToDoListView.swift */ = {isa = PBXFileReference; lastKnownFileType = sourcecode.swift; path = LocationToDoListView.swift; sourceTree = "<group>"; };
		0573C68E2B13A5270012D501 /* GeoDataService.swift */ = {isa = PBXFileReference; lastKnownFileType = sourcecode.swift; path = GeoDataService.swift; sourceTree = "<group>"; };
		0573C6902B13AEFF0012D501 /* AirKorea.swift */ = {isa = PBXFileReference; lastKnownFileType = sourcecode.swift; path = AirKorea.swift; sourceTree = "<group>"; };
		057B50FC2AAB0095002260EC /* KakaoMapView.swift */ = {isa = PBXFileReference; lastKnownFileType = sourcecode.swift; path = KakaoMapView.swift; sourceTree = "<group>"; };
		0587438A2AC31A8800075905 /* Coordinates.swift */ = {isa = PBXFileReference; lastKnownFileType = sourcecode.swift; path = Coordinates.swift; sourceTree = "<group>"; };
		058A9E7C2A95E40D005A498A /* Bundle+Extensions.swift */ = {isa = PBXFileReference; lastKnownFileType = sourcecode.swift; path = "Bundle+Extensions.swift"; sourceTree = "<group>"; };
		058A9E7E2A95E70D005A498A /* MailView.swift */ = {isa = PBXFileReference; lastKnownFileType = sourcecode.swift; path = MailView.swift; sourceTree = "<group>"; };
		058B7CA42A558DEE005C07BD /* Binggrae.otf */ = {isa = PBXFileReference; lastKnownFileType = file; path = Binggrae.otf; sourceTree = "<group>"; };
		058B7CA52A558DEE005C07BD /* Binggrae-Bold.otf */ = {isa = PBXFileReference; lastKnownFileType = file; path = "Binggrae-Bold.otf"; sourceTree = "<group>"; };
		058B7CA82A55C495005C07BD /* TimeToDoItemAddView.swift */ = {isa = PBXFileReference; lastKnownFileType = sourcecode.swift; path = TimeToDoItemAddView.swift; sourceTree = "<group>"; };
		059871792AB38C30009401D3 /* LocationCheckViewModel.swift */ = {isa = PBXFileReference; lastKnownFileType = sourcecode.swift; path = LocationCheckViewModel.swift; sourceTree = "<group>"; };
		05CCE8B22A51A6BE0037FF74 /* LocationToDoListViewModel.swift */ = {isa = PBXFileReference; lastKnownFileType = sourcecode.swift; path = LocationToDoListViewModel.swift; sourceTree = "<group>"; };
		05CD8E992A57631B00C1C187 /* ToDoItemAddViewModel.swift */ = {isa = PBXFileReference; lastKnownFileType = sourcecode.swift; path = ToDoItemAddViewModel.swift; sourceTree = "<group>"; };
		05D69E422A696AD30074C84A /* SettingView.swift */ = {isa = PBXFileReference; lastKnownFileType = sourcecode.swift; path = SettingView.swift; sourceTree = "<group>"; };
		05EEE1032A8551C7007AD5F7 /* UITextViewWrapper.swift */ = {isa = PBXFileReference; lastKnownFileType = sourcecode.swift; path = UITextViewWrapper.swift; sourceTree = "<group>"; };
		05EEE1072A8578CE007AD5F7 /* Date+Extensions.swift */ = {isa = PBXFileReference; lastKnownFileType = sourcecode.swift; path = "Date+Extensions.swift"; sourceTree = "<group>"; };
		05F233B92A29C79B0091D5B3 /* Info.plist */ = {isa = PBXFileReference; lastKnownFileType = text.plist; path = Info.plist; sourceTree = "<group>"; };
		05F233BA2A2AF3D10091D5B3 /* LocationService.swift */ = {isa = PBXFileReference; lastKnownFileType = sourcecode.swift; path = LocationService.swift; sourceTree = "<group>"; };
		05FD378C2A9FA045006FDAEC /* KakaoLocal.swift */ = {isa = PBXFileReference; lastKnownFileType = sourcecode.swift; path = KakaoLocal.swift; sourceTree = "<group>"; };
/* End PBXFileReference section */

/* Begin PBXFrameworksBuildPhase section */
		050FCC162A1C91E100270F97 /* Frameworks */ = {
			isa = PBXFrameworksBuildPhase;
			buildActionMask = 2147483647;
			files = (
				058A9E822A95FDF4005A498A /* DeviceKit in Frameworks */,
				057B50FA2AAB002B002260EC /* KakaoMapsSDK_SPM in Frameworks */,
			);
			runOnlyForDeploymentPostprocessing = 0;
		};
/* End PBXFrameworksBuildPhase section */

/* Begin PBXGroup section */
		050FCC102A1C91E100270F97 = {
			isa = PBXGroup;
			children = (
				050FCC1B2A1C91E100270F97 /* NaOng */,
				050FCC1A2A1C91E100270F97 /* Products */,
			);
			sourceTree = "<group>";
		};
		050FCC1A2A1C91E100270F97 /* Products */ = {
			isa = PBXGroup;
			children = (
				050FCC192A1C91E100270F97 /* NaOng.app */,
			);
			name = Products;
			sourceTree = "<group>";
		};
		050FCC1B2A1C91E100270F97 /* NaOng */ = {
			isa = PBXGroup;
			children = (
				057B50FB2AAB0080002260EC /* Map */,
				055E58E92A9735E0005B91DC /* Network */,
				05EEE1022A8551B2007AD5F7 /* Helper */,
				05477D492A7F686600C16F4A /* Notification */,
				05477D422A7C226000C16F4A /* Protocol */,
				05477D3D2A7C1B5D00C16F4A /* Error */,
				056B2B742A64156400D52CFF /* Extensions */,
				056B2B4D2A5FC88F00D52CFF /* DataModel */,
				058B7CA12A558BD9005C07BD /* fonts */,
				05F233B92A29C79B0091D5B3 /* Info.plist */,
				050FCC1C2A1C91E100270F97 /* NaOngApp.swift */,
				050FCC1E2A1C91E100270F97 /* ContentView.swift */,
				050FCC202A1C91E200270F97 /* Assets.xcassets */,
				050FCC222A1C91E200270F97 /* Preview Content */,
				0549F2CF2A386118002B1248 /* Location */,
				056EDC332B0E3352004090F6 /* ToDoItemView */,
				056EDC2E2B0E28CB004090F6 /* ToDoDetailView */,
				054D4CE82AFE736E005CF34C /* ToDoAddView */,
				05CCE8B12A51A66D0037FF74 /* LocationToDoView */,
				058B7CAA2A55C8D2005C07BD /* TimeToDoView */,
				0534F9A82A8FED2400A90BF7 /* NotificationListView */,
				056EDC3B2B0E4D72004090F6 /* WeatherView */,
				05D69E412A696A520074C84A /* SettingView */,
				0534B4192B13E11E0032B30A /* APIKey.plist */,
			);
			path = NaOng;
			sourceTree = "<group>";
		};
		050FCC222A1C91E200270F97 /* Preview Content */ = {
			isa = PBXGroup;
			children = (
				050FCC232A1C91E200270F97 /* Preview Assets.xcassets */,
			);
			path = "Preview Content";
			sourceTree = "<group>";
		};
		0534F9A22A8FBB9000A90BF7 /* View */ = {
			isa = PBXGroup;
			children = (
				05D69E422A696AD30074C84A /* SettingView.swift */,
				058A9E7E2A95E70D005A498A /* MailView.swift */,
			);
			path = View;
			sourceTree = "<group>";
		};
		0534F9A32A8FBB9600A90BF7 /* ViewModel */ = {
			isa = PBXGroup;
			children = (
				0534F9A62A8FBBC000A90BF7 /* SettingViewModel.swift */,
			);
			path = ViewModel;
			sourceTree = "<group>";
		};
		0534F9A82A8FED2400A90BF7 /* NotificationListView */ = {
			isa = PBXGroup;
			children = (
				0534F9A92A8FED3E00A90BF7 /* View */,
				0534F9AA2A8FED4800A90BF7 /* ViewModel */,
			);
			path = NotificationListView;
			sourceTree = "<group>";
		};
		0534F9A92A8FED3E00A90BF7 /* View */ = {
			isa = PBXGroup;
			children = (
				05173EA32A87728A00CDF988 /* NotificationListView.swift */,
				05173EA72A880E6C00CDF988 /* NotificationListItemView.swift */,
			);
			path = View;
			sourceTree = "<group>";
		};
		0534F9AA2A8FED4800A90BF7 /* ViewModel */ = {
			isa = PBXGroup;
			children = (
				05173EA52A8772B300CDF988 /* NotificationListViewModel.swift */,
			);
			path = ViewModel;
			sourceTree = "<group>";
		};
		05477D3D2A7C1B5D00C16F4A /* Error */ = {
			isa = PBXGroup;
			children = (
				05477D3E2A7C1B7800C16F4A /* CoreDataError.swift */,
				055E58EC2A973702005B91DC /* NetworkError.swift */,
			);
			path = Error;
			sourceTree = "<group>";
		};
		05477D422A7C226000C16F4A /* Protocol */ = {
			isa = PBXGroup;
			children = (
				05477D432A7C228100C16F4A /* CoreDataBaseProtocol.swift */,
				050EE3BE2ABCE1BA004E206F /* KakaoAPIResult.swift */,
			);
			path = Protocol;
			sourceTree = "<group>";
		};
		05477D492A7F686600C16F4A /* Notification */ = {
			isa = PBXGroup;
			children = (
				0534F99A2A8F9A2B00A90BF7 /* LocalNotificationManager.swift */,
			);
			path = Notification;
			sourceTree = "<group>";
		};
		05477D4C2A82225A00C16F4A /* View */ = {
			isa = PBXGroup;
			children = (
				05477D4E2A8222AB00C16F4A /* TimeToDoListView.swift */,
			);
			path = View;
			sourceTree = "<group>";
		};
		05477D4D2A82226500C16F4A /* ViewModel */ = {
			isa = PBXGroup;
			children = (
				05388A922A83798700C8A69A /* TimeToDoListViewModel.swift */,
			);
			path = ViewModel;
			sourceTree = "<group>";
		};
		0549F2CF2A386118002B1248 /* Location */ = {
			isa = PBXGroup;
			children = (
				05F233BA2A2AF3D10091D5B3 /* LocationService.swift */,
			);
			path = Location;
			sourceTree = "<group>";
		};
		054D4CE82AFE736E005CF34C /* ToDoAddView */ = {
			isa = PBXGroup;
			children = (
				054D4CE92AFE7385005CF34C /* View */,
				054D4CEA2AFE738C005CF34C /* ViewModel */,
			);
			path = ToDoAddView;
			sourceTree = "<group>";
		};
		054D4CE92AFE7385005CF34C /* View */ = {
			isa = PBXGroup;
			children = (
				058B7CA82A55C495005C07BD /* TimeToDoItemAddView.swift */,
				056EDC382B0E397D004090F6 /* LocationToDoItemAddView.swift */,
				05477D342A7A85BF00C16F4A /* LocationSelectionView.swift */,
				05477D452A7C3A7F00C16F4A /* LocationSearchView.swift */,
				05477D472A7C3B4100C16F4A /* LocationCheckView.swift */,
			);
			path = View;
			sourceTree = "<group>";
		};
		054D4CEA2AFE738C005CF34C /* ViewModel */ = {
			isa = PBXGroup;
			children = (
				05CD8E992A57631B00C1C187 /* ToDoItemAddViewModel.swift */,
				05477D3B2A7C177000C16F4A /* LocationSelectionViewModel.swift */,
				055E58F02A97A8D5005B91DC /* LocationSearchViewModel.swift */,
				059871792AB38C30009401D3 /* LocationCheckViewModel.swift */,
			);
			path = ViewModel;
			sourceTree = "<group>";
		};
		055E58E92A9735E0005B91DC /* Network */ = {
			isa = PBXGroup;
			children = (
				055E58EA2A973600005B91DC /* NetworkManager.swift */,
				055E58EE2A9738D1005B91DC /* URLRequestBuilder.swift */,
				0573C68E2B13A5270012D501 /* GeoDataService.swift */,
			);
			path = Network;
			sourceTree = "<group>";
		};
		056B2B4D2A5FC88F00D52CFF /* DataModel */ = {
			isa = PBXGroup;
			children = (
				05477D362A7C16A100C16F4A /* LocationModel.xcdatamodeld */,
				056B2B4E2A5FC8AC00D52CFF /* ToDoModel.xcdatamodeld */,
				056B2B512A5FC9D600D52CFF /* ToDoCoreDataManager.swift */,
				05477D392A7C172600C16F4A /* LocationCoreDataManager.swift */,
				05FD378C2A9FA045006FDAEC /* KakaoLocal.swift */,
				050EE3BC2ABCA1B6004E206F /* KakaoLocalKeyword.swift */,
				050EE3C02ABCE1E8004E206F /* LocationInformation.swift */,
				0587438A2AC31A8800075905 /* Coordinates.swift */,
				0573C6902B13AEFF0012D501 /* AirKorea.swift */,
				0534B41D2B13EAE70032B30A /* OpenWeather.swift */,
			);
			path = DataModel;
			sourceTree = "<group>";
		};
		056B2B742A64156400D52CFF /* Extensions */ = {
			isa = PBXGroup;
			children = (
				056B2B752A64158000D52CFF /* ToDo+Extensions.swift */,
				05477D072A7577BD00C16F4A /* View+Extensions.swift */,
				05477D402A7C220D00C16F4A /* Location+Extensions.swift */,
				05EEE1072A8578CE007AD5F7 /* Date+Extensions.swift */,
				058A9E7C2A95E40D005A498A /* Bundle+Extensions.swift */,
				051BFA1C2AB6E39E00BBC8C6 /* UIImage+Extensions.swift */,
				0534B41B2B13E28E0032B30A /* Bundle + Extensions.swift */,
			);
			path = Extensions;
			sourceTree = "<group>";
		};
		056EDC2E2B0E28CB004090F6 /* ToDoDetailView */ = {
			isa = PBXGroup;
			children = (
				056EDC2F2B0E28EA004090F6 /* View */,
				056EDC302B0E28F1004090F6 /* ViewModel */,
			);
			path = ToDoDetailView;
			sourceTree = "<group>";
		};
		056EDC2F2B0E28EA004090F6 /* View */ = {
			isa = PBXGroup;
			children = (
				05477D2C2A77ED7400C16F4A /* TimeToDoItemDetailView.swift */,
				056EDC312B0E291D004090F6 /* LocationToDoItemDetailView.swift */,
			);
			path = View;
			sourceTree = "<group>";
		};
		056EDC302B0E28F1004090F6 /* ViewModel */ = {
			isa = PBXGroup;
			children = (
				05477D2E2A77ED8000C16F4A /* ToDoItemDetailViewModel.swift */,
			);
			path = ViewModel;
			sourceTree = "<group>";
		};
		056EDC332B0E3352004090F6 /* ToDoItemView */ = {
			isa = PBXGroup;
			children = (
				056EDC362B0E3371004090F6 /* View */,
				056EDC372B0E3378004090F6 /* ViewModel */,
			);
			path = ToDoItemView;
			sourceTree = "<group>";
		};
		056EDC362B0E3371004090F6 /* View */ = {
			isa = PBXGroup;
			children = (
				0500E9492A482D7700A3F338 /* ToDoItemView.swift */,
			);
			path = View;
			sourceTree = "<group>";
		};
		056EDC372B0E3378004090F6 /* ViewModel */ = {
			isa = PBXGroup;
			children = (
				056B2B722A640F9F00D52CFF /* ToDoItemViewModel.swift */,
			);
			path = ViewModel;
			sourceTree = "<group>";
		};
		056EDC3B2B0E4D72004090F6 /* WeatherView */ = {
			isa = PBXGroup;
			children = (
				056EDC3C2B0E4D98004090F6 /* View */,
				056EDC3D2B0E4D9E004090F6 /* ViewModel */,
			);
			path = WeatherView;
			sourceTree = "<group>";
		};
		056EDC3C2B0E4D98004090F6 /* View */ = {
			isa = PBXGroup;
			children = (
				056EDC3E2B0E4DEF004090F6 /* WeatherView.swift */,
				056EDC402B0E7619004090F6 /* WeatherItemView.swift */,
				056EDC442B0E96DA004090F6 /* WeatherProfileImageView.swift */,
			);
			path = View;
			sourceTree = "<group>";
		};
		056EDC3D2B0E4D9E004090F6 /* ViewModel */ = {
			isa = PBXGroup;
			children = (
				056EDC422B0E8C2D004090F6 /* WeatherViewModel.swift */,
			);
			path = ViewModel;
			sourceTree = "<group>";
		};
		057B50FB2AAB0080002260EC /* Map */ = {
			isa = PBXGroup;
			children = (
				057B50FC2AAB0095002260EC /* KakaoMapView.swift */,
			);
			path = Map;
			sourceTree = "<group>";
		};
		058B7CA12A558BD9005C07BD /* fonts */ = {
			isa = PBXGroup;
			children = (
				058B7CA52A558DEE005C07BD /* Binggrae-Bold.otf */,
				058B7CA42A558DEE005C07BD /* Binggrae.otf */,
			);
			path = fonts;
			sourceTree = "<group>";
		};
		058B7CAA2A55C8D2005C07BD /* TimeToDoView */ = {
			isa = PBXGroup;
			children = (
				05477D4C2A82225A00C16F4A /* View */,
				05477D4D2A82226500C16F4A /* ViewModel */,
			);
			path = TimeToDoView;
			sourceTree = "<group>";
		};
		05CCE8B12A51A66D0037FF74 /* LocationToDoView */ = {
			isa = PBXGroup;
			children = (
				05CCE8B52A51A6DC0037FF74 /* View */,
				05CCE8B42A51A6CF0037FF74 /* ViewModel */,
			);
			path = LocationToDoView;
			sourceTree = "<group>";
		};
		05CCE8B42A51A6CF0037FF74 /* ViewModel */ = {
			isa = PBXGroup;
			children = (
				05CCE8B22A51A6BE0037FF74 /* LocationToDoListViewModel.swift */,
			);
			path = ViewModel;
			sourceTree = "<group>";
		};
		05CCE8B52A51A6DC0037FF74 /* View */ = {
			isa = PBXGroup;
			children = (
				05733A892A51A42E00DF3B78 /* LocationToDoListView.swift */,
			);
			path = View;
			sourceTree = "<group>";
		};
		05D69E412A696A520074C84A /* SettingView */ = {
			isa = PBXGroup;
			children = (
				0534F9A22A8FBB9000A90BF7 /* View */,
				0534F9A32A8FBB9600A90BF7 /* ViewModel */,
			);
			path = SettingView;
			sourceTree = "<group>";
		};
		05EEE1022A8551B2007AD5F7 /* Helper */ = {
			isa = PBXGroup;
			children = (
				05EEE1032A8551C7007AD5F7 /* UITextViewWrapper.swift */,
				05477D302A77F47500C16F4A /* ToDoViewFactory.swift */,
				0534F99C2A8F9AC000A90BF7 /* CustomNavigationBar.swift */,
			);
			path = Helper;
			sourceTree = "<group>";
		};
/* End PBXGroup section */

/* Begin PBXNativeTarget section */
		050FCC182A1C91E100270F97 /* NaOng */ = {
			isa = PBXNativeTarget;
			buildConfigurationList = 050FCC272A1C91E200270F97 /* Build configuration list for PBXNativeTarget "NaOng" */;
			buildPhases = (
				050FCC152A1C91E100270F97 /* Sources */,
				050FCC162A1C91E100270F97 /* Frameworks */,
				050FCC172A1C91E100270F97 /* Resources */,
				0526245D2A84CC9A00755A66 /* Embed Foundation Extensions */,
			);
			buildRules = (
			);
			dependencies = (
			);
			name = NaOng;
			packageProductDependencies = (
				058A9E812A95FDF4005A498A /* DeviceKit */,
				057B50F92AAB002B002260EC /* KakaoMapsSDK_SPM */,
			);
			productName = NaOng;
			productReference = 050FCC192A1C91E100270F97 /* NaOng.app */;
			productType = "com.apple.product-type.application";
		};
/* End PBXNativeTarget section */

/* Begin PBXProject section */
		050FCC112A1C91E100270F97 /* Project object */ = {
			isa = PBXProject;
			attributes = {
				BuildIndependentTargetsInParallel = 1;
				LastSwiftUpdateCheck = 1430;
				LastUpgradeCheck = 1500;
				TargetAttributes = {
					050FCC182A1C91E100270F97 = {
						CreatedOnToolsVersion = 14.2;
					};
				};
			};
			buildConfigurationList = 050FCC142A1C91E100270F97 /* Build configuration list for PBXProject "NaOng" */;
			compatibilityVersion = "Xcode 14.0";
			developmentRegion = en;
			hasScannedForEncodings = 0;
			knownRegions = (
				en,
				Base,
			);
			mainGroup = 050FCC102A1C91E100270F97;
			packageReferences = (
				058A9E802A95FDF4005A498A /* XCRemoteSwiftPackageReference "DeviceKit" */,
				057B50F82AAB002B002260EC /* XCRemoteSwiftPackageReference "KakaoMapsSDK-SPM" */,
			);
			productRefGroup = 050FCC1A2A1C91E100270F97 /* Products */;
			projectDirPath = "";
			projectRoot = "";
			targets = (
				050FCC182A1C91E100270F97 /* NaOng */,
			);
		};
/* End PBXProject section */

/* Begin PBXResourcesBuildPhase section */
		050FCC172A1C91E100270F97 /* Resources */ = {
			isa = PBXResourcesBuildPhase;
			buildActionMask = 2147483647;
			files = (
				0534B41A2B13E11E0032B30A /* APIKey.plist in Resources */,
				050FCC242A1C91E200270F97 /* Preview Assets.xcassets in Resources */,
				050FCC212A1C91E200270F97 /* Assets.xcassets in Resources */,
				058B7CA72A558DEE005C07BD /* Binggrae-Bold.otf in Resources */,
				058B7CA62A558DEE005C07BD /* Binggrae.otf in Resources */,
			);
			runOnlyForDeploymentPostprocessing = 0;
		};
/* End PBXResourcesBuildPhase section */

/* Begin PBXSourcesBuildPhase section */
		050FCC152A1C91E100270F97 /* Sources */ = {
			isa = PBXSourcesBuildPhase;
			buildActionMask = 2147483647;
			files = (
				05477D482A7C3B4100C16F4A /* LocationCheckView.swift in Sources */,
				0534F9A72A8FBBC000A90BF7 /* SettingViewModel.swift in Sources */,
				058A9E7F2A95E70D005A498A /* MailView.swift in Sources */,
				0500E94A2A482D7700A3F338 /* ToDoItemView.swift in Sources */,
				05477D412A7C220D00C16F4A /* Location+Extensions.swift in Sources */,
				056B2B502A5FC8AC00D52CFF /* ToDoModel.xcdatamodeld in Sources */,
				0534B41E2B13EAE70032B30A /* OpenWeather.swift in Sources */,
				05477D3C2A7C177000C16F4A /* LocationSelectionViewModel.swift in Sources */,
				05173EA62A8772B300CDF988 /* NotificationListViewModel.swift in Sources */,
				056B2B762A64158000D52CFF /* ToDo+Extensions.swift in Sources */,
				056EDC392B0E397D004090F6 /* LocationToDoItemAddView.swift in Sources */,
				056EDC412B0E7619004090F6 /* WeatherItemView.swift in Sources */,
				05D69E432A696AD30074C84A /* SettingView.swift in Sources */,
				05477D4F2A8222AB00C16F4A /* TimeToDoListView.swift in Sources */,
				056B2B522A5FC9D600D52CFF /* ToDoCoreDataManager.swift in Sources */,
				0534B41C2B13E28E0032B30A /* Bundle + Extensions.swift in Sources */,
				05477D382A7C16A100C16F4A /* LocationModel.xcdatamodeld in Sources */,
				05F233BB2A2AF3D10091D5B3 /* LocationService.swift in Sources */,
				05EEE1042A8551C7007AD5F7 /* UITextViewWrapper.swift in Sources */,
				051BFA1D2AB6E39E00BBC8C6 /* UIImage+Extensions.swift in Sources */,
				0534F99B2A8F9A2B00A90BF7 /* LocalNotificationManager.swift in Sources */,
				05477D082A7577BD00C16F4A /* View+Extensions.swift in Sources */,
				055E58F12A97A8D5005B91DC /* LocationSearchViewModel.swift in Sources */,
				0573C68F2B13A5270012D501 /* GeoDataService.swift in Sources */,
				05477D2F2A77ED8000C16F4A /* ToDoItemDetailViewModel.swift in Sources */,
				0573C6912B13AEFF0012D501 /* AirKorea.swift in Sources */,
				05477D442A7C228100C16F4A /* CoreDataBaseProtocol.swift in Sources */,
				0587438B2AC31A8800075905 /* Coordinates.swift in Sources */,
				05173EA82A880E6C00CDF988 /* NotificationListItemView.swift in Sources */,
				056EDC432B0E8C2D004090F6 /* WeatherViewModel.swift in Sources */,
				05CCE8B32A51A6BE0037FF74 /* LocationToDoListViewModel.swift in Sources */,
				056B2B732A640F9F00D52CFF /* ToDoItemViewModel.swift in Sources */,
				055E58EB2A973600005B91DC /* NetworkManager.swift in Sources */,
				05733A8A2A51A42E00DF3B78 /* LocationToDoListView.swift in Sources */,
				0598717A2AB38C30009401D3 /* LocationCheckViewModel.swift in Sources */,
				050EE3BD2ABCA1B6004E206F /* KakaoLocalKeyword.swift in Sources */,
				05477D352A7A85BF00C16F4A /* LocationSelectionView.swift in Sources */,
				056EDC3F2B0E4DEF004090F6 /* WeatherView.swift in Sources */,
				05EEE1082A8578CE007AD5F7 /* Date+Extensions.swift in Sources */,
				056EDC322B0E291D004090F6 /* LocationToDoItemDetailView.swift in Sources */,
				050FCC1F2A1C91E100270F97 /* ContentView.swift in Sources */,
				05477D462A7C3A7F00C16F4A /* LocationSearchView.swift in Sources */,
				05CD8E9A2A57631B00C1C187 /* ToDoItemAddViewModel.swift in Sources */,
				055E58ED2A973702005B91DC /* NetworkError.swift in Sources */,
				055E58EF2A9738D1005B91DC /* URLRequestBuilder.swift in Sources */,
				05477D3A2A7C172600C16F4A /* LocationCoreDataManager.swift in Sources */,
				058A9E7D2A95E40D005A498A /* Bundle+Extensions.swift in Sources */,
				050EE3BF2ABCE1BA004E206F /* KakaoAPIResult.swift in Sources */,
				05173EA42A87728A00CDF988 /* NotificationListView.swift in Sources */,
				05388A932A83798700C8A69A /* TimeToDoListViewModel.swift in Sources */,
				05FD378D2A9FA045006FDAEC /* KakaoLocal.swift in Sources */,
				05477D3F2A7C1B7900C16F4A /* CoreDataError.swift in Sources */,
				050FCC1D2A1C91E100270F97 /* NaOngApp.swift in Sources */,
				0534F99D2A8F9AC000A90BF7 /* CustomNavigationBar.swift in Sources */,
				050EE3C12ABCE1E8004E206F /* LocationInformation.swift in Sources */,
				05477D312A77F47500C16F4A /* ToDoViewFactory.swift in Sources */,
				05477D2D2A77ED7400C16F4A /* TimeToDoItemDetailView.swift in Sources */,
				057B50FD2AAB0095002260EC /* KakaoMapView.swift in Sources */,
				058B7CA92A55C495005C07BD /* TimeToDoItemAddView.swift in Sources */,
				056EDC452B0E96DA004090F6 /* WeatherProfileImageView.swift in Sources */,
			);
			runOnlyForDeploymentPostprocessing = 0;
		};
/* End PBXSourcesBuildPhase section */

/* Begin XCBuildConfiguration section */
		050FCC252A1C91E200270F97 /* Debug */ = {
			isa = XCBuildConfiguration;
			buildSettings = {
				ALWAYS_SEARCH_USER_PATHS = NO;
				CLANG_ANALYZER_NONNULL = YES;
				CLANG_ANALYZER_NUMBER_OBJECT_CONVERSION = YES_AGGRESSIVE;
				CLANG_CXX_LANGUAGE_STANDARD = "gnu++20";
				CLANG_ENABLE_MODULES = YES;
				CLANG_ENABLE_OBJC_ARC = YES;
				CLANG_ENABLE_OBJC_WEAK = YES;
				CLANG_WARN_BLOCK_CAPTURE_AUTORELEASING = YES;
				CLANG_WARN_BOOL_CONVERSION = YES;
				CLANG_WARN_COMMA = YES;
				CLANG_WARN_CONSTANT_CONVERSION = YES;
				CLANG_WARN_DEPRECATED_OBJC_IMPLEMENTATIONS = YES;
				CLANG_WARN_DIRECT_OBJC_ISA_USAGE = YES_ERROR;
				CLANG_WARN_DOCUMENTATION_COMMENTS = YES;
				CLANG_WARN_EMPTY_BODY = YES;
				CLANG_WARN_ENUM_CONVERSION = YES;
				CLANG_WARN_INFINITE_RECURSION = YES;
				CLANG_WARN_INT_CONVERSION = YES;
				CLANG_WARN_NON_LITERAL_NULL_CONVERSION = YES;
				CLANG_WARN_OBJC_IMPLICIT_RETAIN_SELF = YES;
				CLANG_WARN_OBJC_LITERAL_CONVERSION = YES;
				CLANG_WARN_OBJC_ROOT_CLASS = YES_ERROR;
				CLANG_WARN_QUOTED_INCLUDE_IN_FRAMEWORK_HEADER = YES;
				CLANG_WARN_RANGE_LOOP_ANALYSIS = YES;
				CLANG_WARN_STRICT_PROTOTYPES = YES;
				CLANG_WARN_SUSPICIOUS_MOVE = YES;
				CLANG_WARN_UNGUARDED_AVAILABILITY = YES_AGGRESSIVE;
				CLANG_WARN_UNREACHABLE_CODE = YES;
				CLANG_WARN__DUPLICATE_METHOD_MATCH = YES;
				COPY_PHASE_STRIP = NO;
				DEBUG_INFORMATION_FORMAT = dwarf;
				ENABLE_STRICT_OBJC_MSGSEND = YES;
				ENABLE_TESTABILITY = YES;
				ENABLE_USER_SCRIPT_SANDBOXING = YES;
				GCC_C_LANGUAGE_STANDARD = gnu11;
				GCC_DYNAMIC_NO_PIC = NO;
				GCC_NO_COMMON_BLOCKS = YES;
				GCC_OPTIMIZATION_LEVEL = 0;
				GCC_PREPROCESSOR_DEFINITIONS = (
					"DEBUG=1",
					"$(inherited)",
				);
				GCC_WARN_64_TO_32_BIT_CONVERSION = YES;
				GCC_WARN_ABOUT_RETURN_TYPE = YES_ERROR;
				GCC_WARN_UNDECLARED_SELECTOR = YES;
				GCC_WARN_UNINITIALIZED_AUTOS = YES_AGGRESSIVE;
				GCC_WARN_UNUSED_FUNCTION = YES;
				GCC_WARN_UNUSED_VARIABLE = YES;
				IPHONEOS_DEPLOYMENT_TARGET = 16.0;
				MTL_ENABLE_DEBUG_INFO = INCLUDE_SOURCE;
				MTL_FAST_MATH = YES;
				ONLY_ACTIVE_ARCH = YES;
				SDKROOT = iphoneos;
				SWIFT_ACTIVE_COMPILATION_CONDITIONS = DEBUG;
				SWIFT_OPTIMIZATION_LEVEL = "-Onone";
			};
			name = Debug;
		};
		050FCC262A1C91E200270F97 /* Release */ = {
			isa = XCBuildConfiguration;
			buildSettings = {
				ALWAYS_SEARCH_USER_PATHS = NO;
				CLANG_ANALYZER_NONNULL = YES;
				CLANG_ANALYZER_NUMBER_OBJECT_CONVERSION = YES_AGGRESSIVE;
				CLANG_CXX_LANGUAGE_STANDARD = "gnu++20";
				CLANG_ENABLE_MODULES = YES;
				CLANG_ENABLE_OBJC_ARC = YES;
				CLANG_ENABLE_OBJC_WEAK = YES;
				CLANG_WARN_BLOCK_CAPTURE_AUTORELEASING = YES;
				CLANG_WARN_BOOL_CONVERSION = YES;
				CLANG_WARN_COMMA = YES;
				CLANG_WARN_CONSTANT_CONVERSION = YES;
				CLANG_WARN_DEPRECATED_OBJC_IMPLEMENTATIONS = YES;
				CLANG_WARN_DIRECT_OBJC_ISA_USAGE = YES_ERROR;
				CLANG_WARN_DOCUMENTATION_COMMENTS = YES;
				CLANG_WARN_EMPTY_BODY = YES;
				CLANG_WARN_ENUM_CONVERSION = YES;
				CLANG_WARN_INFINITE_RECURSION = YES;
				CLANG_WARN_INT_CONVERSION = YES;
				CLANG_WARN_NON_LITERAL_NULL_CONVERSION = YES;
				CLANG_WARN_OBJC_IMPLICIT_RETAIN_SELF = YES;
				CLANG_WARN_OBJC_LITERAL_CONVERSION = YES;
				CLANG_WARN_OBJC_ROOT_CLASS = YES_ERROR;
				CLANG_WARN_QUOTED_INCLUDE_IN_FRAMEWORK_HEADER = YES;
				CLANG_WARN_RANGE_LOOP_ANALYSIS = YES;
				CLANG_WARN_STRICT_PROTOTYPES = YES;
				CLANG_WARN_SUSPICIOUS_MOVE = YES;
				CLANG_WARN_UNGUARDED_AVAILABILITY = YES_AGGRESSIVE;
				CLANG_WARN_UNREACHABLE_CODE = YES;
				CLANG_WARN__DUPLICATE_METHOD_MATCH = YES;
				COPY_PHASE_STRIP = NO;
				DEBUG_INFORMATION_FORMAT = "dwarf-with-dsym";
				ENABLE_NS_ASSERTIONS = NO;
				ENABLE_STRICT_OBJC_MSGSEND = YES;
				ENABLE_USER_SCRIPT_SANDBOXING = YES;
				GCC_C_LANGUAGE_STANDARD = gnu11;
				GCC_NO_COMMON_BLOCKS = YES;
				GCC_WARN_64_TO_32_BIT_CONVERSION = YES;
				GCC_WARN_ABOUT_RETURN_TYPE = YES_ERROR;
				GCC_WARN_UNDECLARED_SELECTOR = YES;
				GCC_WARN_UNINITIALIZED_AUTOS = YES_AGGRESSIVE;
				GCC_WARN_UNUSED_FUNCTION = YES;
				GCC_WARN_UNUSED_VARIABLE = YES;
				IPHONEOS_DEPLOYMENT_TARGET = 16.0;
				MTL_ENABLE_DEBUG_INFO = NO;
				MTL_FAST_MATH = YES;
				SDKROOT = iphoneos;
				SWIFT_COMPILATION_MODE = wholemodule;
				SWIFT_OPTIMIZATION_LEVEL = "-O";
				VALIDATE_PRODUCT = YES;
			};
			name = Release;
		};
		050FCC282A1C91E200270F97 /* Debug */ = {
			isa = XCBuildConfiguration;
			buildSettings = {
				ALWAYS_EMBED_SWIFT_STANDARD_LIBRARIES = YES;
				ASSETCATALOG_COMPILER_APPICON_NAME = AppIcon;
				ASSETCATALOG_COMPILER_GLOBAL_ACCENT_COLOR_NAME = AccentColor;
				CODE_SIGN_STYLE = Automatic;
				CURRENT_PROJECT_VERSION = 2;
				DEVELOPMENT_ASSET_PATHS = "\"NaOng/Preview Content\"";
				DEVELOPMENT_TEAM = W2QDPU2ZUJ;
				ENABLE_PREVIEWS = YES;
				GENERATE_INFOPLIST_FILE = YES;
				INFOPLIST_FILE = NaOng/Info.plist;
				INFOPLIST_KEY_CFBundleDisplayName = "나옹";
				INFOPLIST_KEY_LSApplicationCategoryType = "public.app-category.lifestyle";
				INFOPLIST_KEY_NSLocationAlwaysUsageDescription = "현재 위치를 알기 위해 이 권한이 필요합니다.";
				INFOPLIST_KEY_NSLocationWhenInUseUsageDescription = "지도에서 내 위치를 확인하여 장소 설정, 알림 기능을 이용하기 위해 권한이 필요합니다.(필수권한)";
				INFOPLIST_KEY_UIApplicationSceneManifest_Generation = YES;
				INFOPLIST_KEY_UIApplicationSupportsIndirectInputEvents = YES;
				INFOPLIST_KEY_UISupportedInterfaceOrientations = UIInterfaceOrientationPortrait;
				IPHONEOS_DEPLOYMENT_TARGET = 16.0;
				LD_RUNPATH_SEARCH_PATHS = (
					"$(inherited)",
					"@executable_path/Frameworks",
				);
				MARKETING_VERSION = 1.0;
				PRODUCT_BUNDLE_IDENTIFIER = Seohyeon.NaOng;
				PRODUCT_NAME = "$(TARGET_NAME)";
				SWIFT_EMIT_LOC_STRINGS = YES;
				SWIFT_VERSION = 5.0;
				TARGETED_DEVICE_FAMILY = "1,2";
			};
			name = Debug;
		};
		050FCC292A1C91E200270F97 /* Release */ = {
			isa = XCBuildConfiguration;
			buildSettings = {
				ALWAYS_EMBED_SWIFT_STANDARD_LIBRARIES = YES;
				ASSETCATALOG_COMPILER_APPICON_NAME = AppIcon;
				ASSETCATALOG_COMPILER_GLOBAL_ACCENT_COLOR_NAME = AccentColor;
				CODE_SIGN_STYLE = Automatic;
				CURRENT_PROJECT_VERSION = 2;
				DEVELOPMENT_ASSET_PATHS = "\"NaOng/Preview Content\"";
				DEVELOPMENT_TEAM = W2QDPU2ZUJ;
				ENABLE_PREVIEWS = YES;
				GENERATE_INFOPLIST_FILE = YES;
				INFOPLIST_FILE = NaOng/Info.plist;
				INFOPLIST_KEY_CFBundleDisplayName = "나옹";
				INFOPLIST_KEY_LSApplicationCategoryType = "public.app-category.lifestyle";
				INFOPLIST_KEY_NSLocationAlwaysUsageDescription = "현재 위치를 알기 위해 이 권한이 필요합니다.";
				INFOPLIST_KEY_NSLocationWhenInUseUsageDescription = "지도에서 내 위치를 확인하여 장소 설정, 알림 기능을 이용하기 위해 권한이 필요합니다.(필수권한)";
				INFOPLIST_KEY_UIApplicationSceneManifest_Generation = YES;
				INFOPLIST_KEY_UIApplicationSupportsIndirectInputEvents = YES;
				INFOPLIST_KEY_UISupportedInterfaceOrientations = UIInterfaceOrientationPortrait;
				IPHONEOS_DEPLOYMENT_TARGET = 16.0;
				LD_RUNPATH_SEARCH_PATHS = (
					"$(inherited)",
					"@executable_path/Frameworks",
				);
				MARKETING_VERSION = 1.0;
				PRODUCT_BUNDLE_IDENTIFIER = Seohyeon.NaOng;
				PRODUCT_NAME = "$(TARGET_NAME)";
				SWIFT_EMIT_LOC_STRINGS = YES;
				SWIFT_VERSION = 5.0;
				TARGETED_DEVICE_FAMILY = "1,2";
			};
			name = Release;
		};
/* End XCBuildConfiguration section */

/* Begin XCConfigurationList section */
		050FCC142A1C91E100270F97 /* Build configuration list for PBXProject "NaOng" */ = {
			isa = XCConfigurationList;
			buildConfigurations = (
				050FCC252A1C91E200270F97 /* Debug */,
				050FCC262A1C91E200270F97 /* Release */,
			);
			defaultConfigurationIsVisible = 0;
			defaultConfigurationName = Release;
		};
		050FCC272A1C91E200270F97 /* Build configuration list for PBXNativeTarget "NaOng" */ = {
			isa = XCConfigurationList;
			buildConfigurations = (
				050FCC282A1C91E200270F97 /* Debug */,
				050FCC292A1C91E200270F97 /* Release */,
			);
			defaultConfigurationIsVisible = 0;
			defaultConfigurationName = Release;
		};
/* End XCConfigurationList section */

/* Begin XCRemoteSwiftPackageReference section */
		057B50F82AAB002B002260EC /* XCRemoteSwiftPackageReference "KakaoMapsSDK-SPM" */ = {
			isa = XCRemoteSwiftPackageReference;
			repositoryURL = "https://github.com/kakao-mapsSDK/KakaoMapsSDK-SPM.git";
			requirement = {
				kind = upToNextMajorVersion;
				minimumVersion = 2.0.0;
			};
		};
		058A9E802A95FDF4005A498A /* XCRemoteSwiftPackageReference "DeviceKit" */ = {
			isa = XCRemoteSwiftPackageReference;
			repositoryURL = "https://github.com/devicekit/DeviceKit";
			requirement = {
				kind = upToNextMajorVersion;
				minimumVersion = 5.0.0;
			};
		};
/* End XCRemoteSwiftPackageReference section */

/* Begin XCSwiftPackageProductDependency section */
		057B50F92AAB002B002260EC /* KakaoMapsSDK_SPM */ = {
			isa = XCSwiftPackageProductDependency;
			package = 057B50F82AAB002B002260EC /* XCRemoteSwiftPackageReference "KakaoMapsSDK-SPM" */;
			productName = KakaoMapsSDK_SPM;
		};
		058A9E812A95FDF4005A498A /* DeviceKit */ = {
			isa = XCSwiftPackageProductDependency;
			package = 058A9E802A95FDF4005A498A /* XCRemoteSwiftPackageReference "DeviceKit" */;
			productName = DeviceKit;
		};
/* End XCSwiftPackageProductDependency section */

/* Begin XCVersionGroup section */
		05477D362A7C16A100C16F4A /* LocationModel.xcdatamodeld */ = {
			isa = XCVersionGroup;
			children = (
				05477D372A7C16A100C16F4A /* LocationModel.xcdatamodel */,
			);
			currentVersion = 05477D372A7C16A100C16F4A /* LocationModel.xcdatamodel */;
			path = LocationModel.xcdatamodeld;
			sourceTree = "<group>";
			versionGroupType = wrapper.xcdatamodel;
		};
		056B2B4E2A5FC8AC00D52CFF /* ToDoModel.xcdatamodeld */ = {
			isa = XCVersionGroup;
			children = (
				056B2B4F2A5FC8AC00D52CFF /* ToDoModel.xcdatamodel */,
			);
			currentVersion = 056B2B4F2A5FC8AC00D52CFF /* ToDoModel.xcdatamodel */;
			path = ToDoModel.xcdatamodeld;
			sourceTree = "<group>";
			versionGroupType = wrapper.xcdatamodel;
		};
/* End XCVersionGroup section */
	};
	rootObject = 050FCC112A1C91E100270F97 /* Project object */;
}
